// !$*UTF8*$!
{
	archiveVersion = 1;
	classes = {
	};
	objectVersion = 46;
	objects = {

/* Begin PBXBuildFile section */
		D071099C194F291B00120B57 /* Foundation.framework in Frameworks */ = {isa = PBXBuildFile; fileRef = D071099B194F291B00120B57 /* Foundation.framework */; };
		D071099E194F291B00120B57 /* CoreGraphics.framework in Frameworks */ = {isa = PBXBuildFile; fileRef = D071099D194F291B00120B57 /* CoreGraphics.framework */; };
		D07109A0194F291B00120B57 /* UIKit.framework in Frameworks */ = {isa = PBXBuildFile; fileRef = D071099F194F291B00120B57 /* UIKit.framework */; };
		D07109A6194F291B00120B57 /* InfoPlist.strings in Resources */ = {isa = PBXBuildFile; fileRef = D07109A4194F291B00120B57 /* InfoPlist.strings */; };
		D07109A8194F291B00120B57 /* main.m in Sources */ = {isa = PBXBuildFile; fileRef = D07109A7194F291B00120B57 /* main.m */; };
		D07109AC194F291B00120B57 /* AppDelegate.m in Sources */ = {isa = PBXBuildFile; fileRef = D07109AB194F291B00120B57 /* AppDelegate.m */; };
		D07109AE194F291B00120B57 /* Images.xcassets in Resources */ = {isa = PBXBuildFile; fileRef = D07109AD194F291B00120B57 /* Images.xcassets */; };
		D07109B5194F291B00120B57 /* XCTest.framework in Frameworks */ = {isa = PBXBuildFile; fileRef = D07109B4194F291B00120B57 /* XCTest.framework */; };
		D07109B6194F291B00120B57 /* Foundation.framework in Frameworks */ = {isa = PBXBuildFile; fileRef = D071099B194F291B00120B57 /* Foundation.framework */; };
		D07109B7194F291B00120B57 /* UIKit.framework in Frameworks */ = {isa = PBXBuildFile; fileRef = D071099F194F291B00120B57 /* UIKit.framework */; };
		D07109BF194F291B00120B57 /* InfoPlist.strings in Resources */ = {isa = PBXBuildFile; fileRef = D07109BD194F291B00120B57 /* InfoPlist.strings */; };
		D07109C1194F291B00120B57 /* MDCurveKitDemoTests.m in Sources */ = {isa = PBXBuildFile; fileRef = D07109C0194F291B00120B57 /* MDCurveKitDemoTests.m */; };
		D07109CC194F294A00120B57 /* MDHomeViewController.m in Sources */ = {isa = PBXBuildFile; fileRef = D07109CB194F294A00120B57 /* MDHomeViewController.m */; };
		D07109D8194F2BF400120B57 /* MDCurve.m in Sources */ = {isa = PBXBuildFile; fileRef = D07109D1194F2BF400120B57 /* MDCurve.m */; };
		D07109D9194F2BF400120B57 /* MDPointPair.m in Sources */ = {isa = PBXBuildFile; fileRef = D07109D3194F2BF400120B57 /* MDPointPair.m */; };
		D07109DA194F2BF400120B57 /* MDCurveLabel.m in Sources */ = {isa = PBXBuildFile; fileRef = D07109D6194F2BF400120B57 /* MDCurveLabel.m */; };
		D07109E8194F2C6F00120B57 /* MDCurveDemoViewController.m in Sources */ = {isa = PBXBuildFile; fileRef = D07109E1194F2C6F00120B57 /* MDCurveDemoViewController.m */; };
		D07109E9194F2C6F00120B57 /* MDCurveDemoView.m in Sources */ = {isa = PBXBuildFile; fileRef = D07109E3194F2C6F00120B57 /* MDCurveDemoView.m */; };
		D07109F0194F2E1F00120B57 /* MDCurveLabelDemoViewController.m in Sources */ = {isa = PBXBuildFile; fileRef = D07109EE194F2E1E00120B57 /* MDCurveLabelDemoViewController.m */; };
		D07109F3194F2F4000120B57 /* MDCurvePicker.m in Sources */ = {isa = PBXBuildFile; fileRef = D07109F2194F2F4000120B57 /* MDCurvePicker.m */; };
		D07109F6194F40C300120B57 /* MDViewControllerWithPickerButton.m in Sources */ = {isa = PBXBuildFile; fileRef = D07109F5194F40C300120B57 /* MDViewControllerWithPickerButton.m */; };
		D07109FC194F498E00120B57 /* MDCurveDemoLabel.m in Sources */ = {isa = PBXBuildFile; fileRef = D07109FB194F498E00120B57 /* MDCurveDemoLabel.m */; };
		D0C7E25619570A190098BE1E /* MDHandwritingView.m in Sources */ = {isa = PBXBuildFile; fileRef = D0C7E25519570A190098BE1E /* MDHandwritingView.m */; };
		D0C7E259195716860098BE1E /* MDHandWritingDrawView.m in Sources */ = {isa = PBXBuildFile; fileRef = D0C7E258195716860098BE1E /* MDHandWritingDrawView.m */; };
		D0C7E25D19571BAE0098BE1E /* MDHandwritingViewDemoViewController.m in Sources */ = {isa = PBXBuildFile; fileRef = D0C7E25C19571BAE0098BE1E /* MDHandwritingViewDemoViewController.m */; };
		D0C7E2AD195727950098BE1E /* colorPicker.bundle in Resources */ = {isa = PBXBuildFile; fileRef = D0C7E29A195727950098BE1E /* colorPicker.bundle */; };
		D0C7E2AE195727950098BE1E /* NEOColorPickerBaseViewController.m in Sources */ = {isa = PBXBuildFile; fileRef = D0C7E29C195727950098BE1E /* NEOColorPickerBaseViewController.m */; };
		D0C7E2AF195727950098BE1E /* NEOColorPickerFavoritesViewController.m in Sources */ = {isa = PBXBuildFile; fileRef = D0C7E29E195727950098BE1E /* NEOColorPickerFavoritesViewController.m */; };
		D0C7E2B0195727950098BE1E /* NEOColorPickerFavoritesViewController.xib in Resources */ = {isa = PBXBuildFile; fileRef = D0C7E29F195727950098BE1E /* NEOColorPickerFavoritesViewController.xib */; };
		D0C7E2B1195727950098BE1E /* NEOColorPickerGradientView.m in Sources */ = {isa = PBXBuildFile; fileRef = D0C7E2A1195727950098BE1E /* NEOColorPickerGradientView.m */; };
		D0C7E2B2195727950098BE1E /* NEOColorPickerHSLViewController.m in Sources */ = {isa = PBXBuildFile; fileRef = D0C7E2A3195727950098BE1E /* NEOColorPickerHSLViewController.m */; };
		D0C7E2B3195727950098BE1E /* NEOColorPickerHSLViewController.xib in Resources */ = {isa = PBXBuildFile; fileRef = D0C7E2A4195727950098BE1E /* NEOColorPickerHSLViewController.xib */; };
		D0C7E2B4195727950098BE1E /* NEOColorPickerHueGridViewController.m in Sources */ = {isa = PBXBuildFile; fileRef = D0C7E2A6195727950098BE1E /* NEOColorPickerHueGridViewController.m */; };
		D0C7E2B5195727950098BE1E /* NEOColorPickerHueGridViewController.xib in Resources */ = {isa = PBXBuildFile; fileRef = D0C7E2A7195727950098BE1E /* NEOColorPickerHueGridViewController.xib */; };
		D0C7E2B6195727950098BE1E /* NEOColorPickerViewController.m in Sources */ = {isa = PBXBuildFile; fileRef = D0C7E2A9195727950098BE1E /* NEOColorPickerViewController.m */; };
		D0C7E2B7195727950098BE1E /* NEOColorPickerViewController.xib in Resources */ = {isa = PBXBuildFile; fileRef = D0C7E2AA195727950098BE1E /* NEOColorPickerViewController.xib */; };
		D0C7E2B8195727950098BE1E /* UIColor+NEOColor.m in Sources */ = {isa = PBXBuildFile; fileRef = D0C7E2AC195727950098BE1E /* UIColor+NEOColor.m */; };
		D0C7E2BC19572EB90098BE1E /* MDBezierCurve.m in Sources */ = {isa = PBXBuildFile; fileRef = D0C7E2BB19572EB90098BE1E /* MDBezierCurve.m */; };
		D0C7E2BF19572FF90098BE1E /* MDBrokenLineCurve.m in Sources */ = {isa = PBXBuildFile; fileRef = D0C7E2BE19572FF90098BE1E /* MDBrokenLineCurve.m */; };
		D0C7E2C21957304A0098BE1E /* MDPoint.m in Sources */ = {isa = PBXBuildFile; fileRef = D0C7E2C11957304A0098BE1E /* MDPoint.m */; };
/* End PBXBuildFile section */

/* Begin PBXContainerItemProxy section */
		D07109B8194F291B00120B57 /* PBXContainerItemProxy */ = {
			isa = PBXContainerItemProxy;
			containerPortal = D0710990194F291A00120B57 /* Project object */;
			proxyType = 1;
			remoteGlobalIDString = D0710997194F291B00120B57;
			remoteInfo = MDCurveKitDemo;
		};
/* End PBXContainerItemProxy section */

/* Begin PBXFileReference section */
		D0710998194F291B00120B57 /* MDCurveKitDemo.app */ = {isa = PBXFileReference; explicitFileType = wrapper.application; includeInIndex = 0; path = MDCurveKitDemo.app; sourceTree = BUILT_PRODUCTS_DIR; };
		D071099B194F291B00120B57 /* Foundation.framework */ = {isa = PBXFileReference; lastKnownFileType = wrapper.framework; name = Foundation.framework; path = System/Library/Frameworks/Foundation.framework; sourceTree = SDKROOT; };
		D071099D194F291B00120B57 /* CoreGraphics.framework */ = {isa = PBXFileReference; lastKnownFileType = wrapper.framework; name = CoreGraphics.framework; path = System/Library/Frameworks/CoreGraphics.framework; sourceTree = SDKROOT; };
		D071099F194F291B00120B57 /* UIKit.framework */ = {isa = PBXFileReference; lastKnownFileType = wrapper.framework; name = UIKit.framework; path = System/Library/Frameworks/UIKit.framework; sourceTree = SDKROOT; };
		D07109A3194F291B00120B57 /* MDCurveKitDemo-Info.plist */ = {isa = PBXFileReference; lastKnownFileType = text.plist.xml; path = "MDCurveKitDemo-Info.plist"; sourceTree = "<group>"; };
		D07109A5194F291B00120B57 /* en */ = {isa = PBXFileReference; lastKnownFileType = text.plist.strings; name = en; path = en.lproj/InfoPlist.strings; sourceTree = "<group>"; };
		D07109A7194F291B00120B57 /* main.m */ = {isa = PBXFileReference; lastKnownFileType = sourcecode.c.objc; path = main.m; sourceTree = "<group>"; };
		D07109A9194F291B00120B57 /* MDCurveKitDemo-Prefix.pch */ = {isa = PBXFileReference; lastKnownFileType = sourcecode.c.h; path = "MDCurveKitDemo-Prefix.pch"; sourceTree = "<group>"; };
		D07109AA194F291B00120B57 /* AppDelegate.h */ = {isa = PBXFileReference; lastKnownFileType = sourcecode.c.h; path = AppDelegate.h; sourceTree = "<group>"; };
		D07109AB194F291B00120B57 /* AppDelegate.m */ = {isa = PBXFileReference; lastKnownFileType = sourcecode.c.objc; path = AppDelegate.m; sourceTree = "<group>"; };
		D07109AD194F291B00120B57 /* Images.xcassets */ = {isa = PBXFileReference; lastKnownFileType = folder.assetcatalog; path = Images.xcassets; sourceTree = "<group>"; };
		D07109B3194F291B00120B57 /* MDCurveKitDemoTests.xctest */ = {isa = PBXFileReference; explicitFileType = wrapper.cfbundle; includeInIndex = 0; path = MDCurveKitDemoTests.xctest; sourceTree = BUILT_PRODUCTS_DIR; };
		D07109B4194F291B00120B57 /* XCTest.framework */ = {isa = PBXFileReference; lastKnownFileType = wrapper.framework; name = XCTest.framework; path = Library/Frameworks/XCTest.framework; sourceTree = DEVELOPER_DIR; };
		D07109BC194F291B00120B57 /* MDCurveKitDemoTests-Info.plist */ = {isa = PBXFileReference; lastKnownFileType = text.plist.xml; path = "MDCurveKitDemoTests-Info.plist"; sourceTree = "<group>"; };
		D07109BE194F291B00120B57 /* en */ = {isa = PBXFileReference; lastKnownFileType = text.plist.strings; name = en; path = en.lproj/InfoPlist.strings; sourceTree = "<group>"; };
		D07109C0194F291B00120B57 /* MDCurveKitDemoTests.m */ = {isa = PBXFileReference; lastKnownFileType = sourcecode.c.objc; path = MDCurveKitDemoTests.m; sourceTree = "<group>"; };
		D07109CA194F294A00120B57 /* MDHomeViewController.h */ = {isa = PBXFileReference; fileEncoding = 4; lastKnownFileType = sourcecode.c.h; path = MDHomeViewController.h; sourceTree = "<group>"; };
		D07109CB194F294A00120B57 /* MDHomeViewController.m */ = {isa = PBXFileReference; fileEncoding = 4; lastKnownFileType = sourcecode.c.objc; path = MDHomeViewController.m; sourceTree = "<group>"; };
		D07109D0194F2BF400120B57 /* MDCurve.h */ = {isa = PBXFileReference; fileEncoding = 4; lastKnownFileType = sourcecode.c.h; path = MDCurve.h; sourceTree = "<group>"; };
		D07109D1194F2BF400120B57 /* MDCurve.m */ = {isa = PBXFileReference; fileEncoding = 4; lastKnownFileType = sourcecode.c.objc; path = MDCurve.m; sourceTree = "<group>"; };
		D07109D2194F2BF400120B57 /* MDPointPair.h */ = {isa = PBXFileReference; fileEncoding = 4; lastKnownFileType = sourcecode.c.h; path = MDPointPair.h; sourceTree = "<group>"; };
		D07109D3194F2BF400120B57 /* MDPointPair.m */ = {isa = PBXFileReference; fileEncoding = 4; lastKnownFileType = sourcecode.c.objc; path = MDPointPair.m; sourceTree = "<group>"; };
		D07109D5194F2BF400120B57 /* MDCurveLabel.h */ = {isa = PBXFileReference; fileEncoding = 4; lastKnownFileType = sourcecode.c.h; path = MDCurveLabel.h; sourceTree = "<group>"; };
		D07109D6194F2BF400120B57 /* MDCurveLabel.m */ = {isa = PBXFileReference; fileEncoding = 4; lastKnownFileType = sourcecode.c.objc; path = MDCurveLabel.m; sourceTree = "<group>"; };
		D07109E0194F2C6F00120B57 /* MDCurveDemoViewController.h */ = {isa = PBXFileReference; fileEncoding = 4; lastKnownFileType = sourcecode.c.h; path = MDCurveDemoViewController.h; sourceTree = "<group>"; };
		D07109E1194F2C6F00120B57 /* MDCurveDemoViewController.m */ = {isa = PBXFileReference; fileEncoding = 4; lastKnownFileType = sourcecode.c.objc; path = MDCurveDemoViewController.m; sourceTree = "<group>"; };
		D07109E2194F2C6F00120B57 /* MDCurveDemoView.h */ = {isa = PBXFileReference; fileEncoding = 4; lastKnownFileType = sourcecode.c.h; path = MDCurveDemoView.h; sourceTree = "<group>"; };
		D07109E3194F2C6F00120B57 /* MDCurveDemoView.m */ = {isa = PBXFileReference; fileEncoding = 4; lastKnownFileType = sourcecode.c.objc; path = MDCurveDemoView.m; sourceTree = "<group>"; };
		D07109ED194F2E1E00120B57 /* MDCurveLabelDemoViewController.h */ = {isa = PBXFileReference; fileEncoding = 4; lastKnownFileType = sourcecode.c.h; path = MDCurveLabelDemoViewController.h; sourceTree = "<group>"; };
		D07109EE194F2E1E00120B57 /* MDCurveLabelDemoViewController.m */ = {isa = PBXFileReference; fileEncoding = 4; lastKnownFileType = sourcecode.c.objc; path = MDCurveLabelDemoViewController.m; sourceTree = "<group>"; };
		D07109F1194F2F4000120B57 /* MDCurvePicker.h */ = {isa = PBXFileReference; fileEncoding = 4; lastKnownFileType = sourcecode.c.h; path = MDCurvePicker.h; sourceTree = "<group>"; };
		D07109F2194F2F4000120B57 /* MDCurvePicker.m */ = {isa = PBXFileReference; fileEncoding = 4; lastKnownFileType = sourcecode.c.objc; path = MDCurvePicker.m; sourceTree = "<group>"; };
		D07109F4194F40C300120B57 /* MDViewControllerWithPickerButton.h */ = {isa = PBXFileReference; fileEncoding = 4; lastKnownFileType = sourcecode.c.h; path = MDViewControllerWithPickerButton.h; sourceTree = "<group>"; };
		D07109F5194F40C300120B57 /* MDViewControllerWithPickerButton.m */ = {isa = PBXFileReference; fileEncoding = 4; lastKnownFileType = sourcecode.c.objc; path = MDViewControllerWithPickerButton.m; sourceTree = "<group>"; };
		D07109FA194F498E00120B57 /* MDCurveDemoLabel.h */ = {isa = PBXFileReference; fileEncoding = 4; lastKnownFileType = sourcecode.c.h; path = MDCurveDemoLabel.h; sourceTree = "<group>"; };
		D07109FB194F498E00120B57 /* MDCurveDemoLabel.m */ = {isa = PBXFileReference; fileEncoding = 4; lastKnownFileType = sourcecode.c.objc; path = MDCurveDemoLabel.m; sourceTree = "<group>"; };
		D0C7E25419570A190098BE1E /* MDHandwritingView.h */ = {isa = PBXFileReference; fileEncoding = 4; lastKnownFileType = sourcecode.c.h; name = MDHandwritingView.h; path = MDHandwritingView/MDHandwritingView.h; sourceTree = "<group>"; };
		D0C7E25519570A190098BE1E /* MDHandwritingView.m */ = {isa = PBXFileReference; fileEncoding = 4; lastKnownFileType = sourcecode.c.objc; name = MDHandwritingView.m; path = MDHandwritingView/MDHandwritingView.m; sourceTree = "<group>"; };
		D0C7E257195716860098BE1E /* MDHandWritingDrawView.h */ = {isa = PBXFileReference; fileEncoding = 4; lastKnownFileType = sourcecode.c.h; name = MDHandWritingDrawView.h; path = MDHandwritingView/MDHandWritingDrawView.h; sourceTree = "<group>"; };
		D0C7E258195716860098BE1E /* MDHandWritingDrawView.m */ = {isa = PBXFileReference; fileEncoding = 4; lastKnownFileType = sourcecode.c.objc; name = MDHandWritingDrawView.m; path = MDHandwritingView/MDHandWritingDrawView.m; sourceTree = "<group>"; };
		D0C7E25B19571BAE0098BE1E /* MDHandwritingViewDemoViewController.h */ = {isa = PBXFileReference; fileEncoding = 4; lastKnownFileType = sourcecode.c.h; name = MDHandwritingViewDemoViewController.h; path = MDHandwritingView/MDHandwritingViewDemoViewController.h; sourceTree = "<group>"; };
		D0C7E25C19571BAE0098BE1E /* MDHandwritingViewDemoViewController.m */ = {isa = PBXFileReference; fileEncoding = 4; lastKnownFileType = sourcecode.c.objc; name = MDHandwritingViewDemoViewController.m; path = MDHandwritingView/MDHandwritingViewDemoViewController.m; sourceTree = "<group>"; };
		D0C7E29A195727950098BE1E /* colorPicker.bundle */ = {isa = PBXFileReference; lastKnownFileType = "wrapper.plug-in"; path = colorPicker.bundle; sourceTree = "<group>"; };
		D0C7E29B195727950098BE1E /* NEOColorPickerBaseViewController.h */ = {isa = PBXFileReference; fileEncoding = 4; lastKnownFileType = sourcecode.c.h; path = NEOColorPickerBaseViewController.h; sourceTree = "<group>"; };
		D0C7E29C195727950098BE1E /* NEOColorPickerBaseViewController.m */ = {isa = PBXFileReference; fileEncoding = 4; lastKnownFileType = sourcecode.c.objc; path = NEOColorPickerBaseViewController.m; sourceTree = "<group>"; };
		D0C7E29D195727950098BE1E /* NEOColorPickerFavoritesViewController.h */ = {isa = PBXFileReference; fileEncoding = 4; lastKnownFileType = sourcecode.c.h; path = NEOColorPickerFavoritesViewController.h; sourceTree = "<group>"; };
		D0C7E29E195727950098BE1E /* NEOColorPickerFavoritesViewController.m */ = {isa = PBXFileReference; fileEncoding = 4; lastKnownFileType = sourcecode.c.objc; path = NEOColorPickerFavoritesViewController.m; sourceTree = "<group>"; };
		D0C7E29F195727950098BE1E /* NEOColorPickerFavoritesViewController.xib */ = {isa = PBXFileReference; fileEncoding = 4; lastKnownFileType = file.xib; path = NEOColorPickerFavoritesViewController.xib; sourceTree = "<group>"; };
		D0C7E2A0195727950098BE1E /* NEOColorPickerGradientView.h */ = {isa = PBXFileReference; fileEncoding = 4; lastKnownFileType = sourcecode.c.h; path = NEOColorPickerGradientView.h; sourceTree = "<group>"; };
		D0C7E2A1195727950098BE1E /* NEOColorPickerGradientView.m */ = {isa = PBXFileReference; fileEncoding = 4; lastKnownFileType = sourcecode.c.objc; path = NEOColorPickerGradientView.m; sourceTree = "<group>"; };
		D0C7E2A2195727950098BE1E /* NEOColorPickerHSLViewController.h */ = {isa = PBXFileReference; fileEncoding = 4; lastKnownFileType = sourcecode.c.h; path = NEOColorPickerHSLViewController.h; sourceTree = "<group>"; };
		D0C7E2A3195727950098BE1E /* NEOColorPickerHSLViewController.m */ = {isa = PBXFileReference; fileEncoding = 4; lastKnownFileType = sourcecode.c.objc; path = NEOColorPickerHSLViewController.m; sourceTree = "<group>"; };
		D0C7E2A4195727950098BE1E /* NEOColorPickerHSLViewController.xib */ = {isa = PBXFileReference; fileEncoding = 4; lastKnownFileType = file.xib; path = NEOColorPickerHSLViewController.xib; sourceTree = "<group>"; };
		D0C7E2A5195727950098BE1E /* NEOColorPickerHueGridViewController.h */ = {isa = PBXFileReference; fileEncoding = 4; lastKnownFileType = sourcecode.c.h; path = NEOColorPickerHueGridViewController.h; sourceTree = "<group>"; };
		D0C7E2A6195727950098BE1E /* NEOColorPickerHueGridViewController.m */ = {isa = PBXFileReference; fileEncoding = 4; lastKnownFileType = sourcecode.c.objc; path = NEOColorPickerHueGridViewController.m; sourceTree = "<group>"; };
		D0C7E2A7195727950098BE1E /* NEOColorPickerHueGridViewController.xib */ = {isa = PBXFileReference; fileEncoding = 4; lastKnownFileType = file.xib; path = NEOColorPickerHueGridViewController.xib; sourceTree = "<group>"; };
		D0C7E2A8195727950098BE1E /* NEOColorPickerViewController.h */ = {isa = PBXFileReference; fileEncoding = 4; lastKnownFileType = sourcecode.c.h; path = NEOColorPickerViewController.h; sourceTree = "<group>"; };
		D0C7E2A9195727950098BE1E /* NEOColorPickerViewController.m */ = {isa = PBXFileReference; fileEncoding = 4; lastKnownFileType = sourcecode.c.objc; path = NEOColorPickerViewController.m; sourceTree = "<group>"; };
		D0C7E2AA195727950098BE1E /* NEOColorPickerViewController.xib */ = {isa = PBXFileReference; fileEncoding = 4; lastKnownFileType = file.xib; path = NEOColorPickerViewController.xib; sourceTree = "<group>"; };
		D0C7E2AB195727950098BE1E /* UIColor+NEOColor.h */ = {isa = PBXFileReference; fileEncoding = 4; lastKnownFileType = sourcecode.c.h; path = "UIColor+NEOColor.h"; sourceTree = "<group>"; };
		D0C7E2AC195727950098BE1E /* UIColor+NEOColor.m */ = {isa = PBXFileReference; fileEncoding = 4; lastKnownFileType = sourcecode.c.objc; path = "UIColor+NEOColor.m"; sourceTree = "<group>"; };
		D0C7E2B919572E430098BE1E /* MDCurveKit.h */ = {isa = PBXFileReference; lastKnownFileType = sourcecode.c.h; path = MDCurveKit.h; sourceTree = "<group>"; };
		D0C7E2BA19572EB90098BE1E /* MDBezierCurve.h */ = {isa = PBXFileReference; fileEncoding = 4; lastKnownFileType = sourcecode.c.h; path = MDBezierCurve.h; sourceTree = "<group>"; };
		D0C7E2BB19572EB90098BE1E /* MDBezierCurve.m */ = {isa = PBXFileReference; fileEncoding = 4; lastKnownFileType = sourcecode.c.objc; path = MDBezierCurve.m; sourceTree = "<group>"; };
		D0C7E2BD19572FF90098BE1E /* MDBrokenLineCurve.h */ = {isa = PBXFileReference; fileEncoding = 4; lastKnownFileType = sourcecode.c.h; path = MDBrokenLineCurve.h; sourceTree = "<group>"; };
		D0C7E2BE19572FF90098BE1E /* MDBrokenLineCurve.m */ = {isa = PBXFileReference; fileEncoding = 4; lastKnownFileType = sourcecode.c.objc; path = MDBrokenLineCurve.m; sourceTree = "<group>"; };
		D0C7E2C01957304A0098BE1E /* MDPoint.h */ = {isa = PBXFileReference; fileEncoding = 4; lastKnownFileType = sourcecode.c.h; path = MDPoint.h; sourceTree = "<group>"; };
		D0C7E2C11957304A0098BE1E /* MDPoint.m */ = {isa = PBXFileReference; fileEncoding = 4; lastKnownFileType = sourcecode.c.objc; path = MDPoint.m; sourceTree = "<group>"; };
		D0C7E2C319573C370098BE1E /* MDCurves.h */ = {isa = PBXFileReference; lastKnownFileType = sourcecode.c.h; path = MDCurves.h; sourceTree = "<group>"; };
/* End PBXFileReference section */

/* Begin PBXFrameworksBuildPhase section */
		D0710995194F291B00120B57 /* Frameworks */ = {
			isa = PBXFrameworksBuildPhase;
			buildActionMask = 2147483647;
			files = (
				D071099E194F291B00120B57 /* CoreGraphics.framework in Frameworks */,
				D07109A0194F291B00120B57 /* UIKit.framework in Frameworks */,
				D071099C194F291B00120B57 /* Foundation.framework in Frameworks */,
			);
			runOnlyForDeploymentPostprocessing = 0;
		};
		D07109B0194F291B00120B57 /* Frameworks */ = {
			isa = PBXFrameworksBuildPhase;
			buildActionMask = 2147483647;
			files = (
				D07109B5194F291B00120B57 /* XCTest.framework in Frameworks */,
				D07109B7194F291B00120B57 /* UIKit.framework in Frameworks */,
				D07109B6194F291B00120B57 /* Foundation.framework in Frameworks */,
			);
			runOnlyForDeploymentPostprocessing = 0;
		};
/* End PBXFrameworksBuildPhase section */

/* Begin PBXGroup section */
		D071098F194F291A00120B57 = {
			isa = PBXGroup;
			children = (
				D07109CE194F2BF400120B57 /* MDCurveKit */,
				D07109A1194F291B00120B57 /* MDCurveKitDemo */,
				D07109BA194F291B00120B57 /* MDCurveKitDemoTests */,
				D071099A194F291B00120B57 /* Frameworks */,
				D0710999194F291B00120B57 /* Products */,
			);
			sourceTree = "<group>";
		};
		D0710999194F291B00120B57 /* Products */ = {
			isa = PBXGroup;
			children = (
				D0710998194F291B00120B57 /* MDCurveKitDemo.app */,
				D07109B3194F291B00120B57 /* MDCurveKitDemoTests.xctest */,
			);
			name = Products;
			sourceTree = "<group>";
		};
		D071099A194F291B00120B57 /* Frameworks */ = {
			isa = PBXGroup;
			children = (
				D071099B194F291B00120B57 /* Foundation.framework */,
				D071099D194F291B00120B57 /* CoreGraphics.framework */,
				D071099F194F291B00120B57 /* UIKit.framework */,
				D07109B4194F291B00120B57 /* XCTest.framework */,
			);
			name = Frameworks;
			sourceTree = "<group>";
		};
		D07109A1194F291B00120B57 /* MDCurveKitDemo */ = {
			isa = PBXGroup;
			children = (
				D0C7E299195727950098BE1E /* colorPicker */,
				D0C7E25A19571B640098BE1E /* MDHandwritingView */,
				D07109DD194F2C6F00120B57 /* MDCurve */,
				D07109E6194F2C6F00120B57 /* MDCurveLabel */,
				D07109AA194F291B00120B57 /* AppDelegate.h */,
				D07109AB194F291B00120B57 /* AppDelegate.m */,
				D07109AD194F291B00120B57 /* Images.xcassets */,
				D07109A2194F291B00120B57 /* Supporting Files */,
				D07109CA194F294A00120B57 /* MDHomeViewController.h */,
				D07109CB194F294A00120B57 /* MDHomeViewController.m */,
				D07109F1194F2F4000120B57 /* MDCurvePicker.h */,
				D07109F2194F2F4000120B57 /* MDCurvePicker.m */,
				D07109F4194F40C300120B57 /* MDViewControllerWithPickerButton.h */,
				D07109F5194F40C300120B57 /* MDViewControllerWithPickerButton.m */,
			);
			path = MDCurveKitDemo;
			sourceTree = "<group>";
		};
		D07109A2194F291B00120B57 /* Supporting Files */ = {
			isa = PBXGroup;
			children = (
				D07109A3194F291B00120B57 /* MDCurveKitDemo-Info.plist */,
				D07109A4194F291B00120B57 /* InfoPlist.strings */,
				D07109A7194F291B00120B57 /* main.m */,
				D07109A9194F291B00120B57 /* MDCurveKitDemo-Prefix.pch */,
			);
			name = "Supporting Files";
			sourceTree = "<group>";
		};
		D07109BA194F291B00120B57 /* MDCurveKitDemoTests */ = {
			isa = PBXGroup;
			children = (
				D07109C0194F291B00120B57 /* MDCurveKitDemoTests.m */,
				D07109BB194F291B00120B57 /* Supporting Files */,
			);
			path = MDCurveKitDemoTests;
			sourceTree = "<group>";
		};
		D07109BB194F291B00120B57 /* Supporting Files */ = {
			isa = PBXGroup;
			children = (
				D07109BC194F291B00120B57 /* MDCurveKitDemoTests-Info.plist */,
				D07109BD194F291B00120B57 /* InfoPlist.strings */,
			);
			name = "Supporting Files";
			sourceTree = "<group>";
		};
		D07109CE194F2BF400120B57 /* MDCurveKit */ = {
			isa = PBXGroup;
			children = (
				D07109CF194F2BF400120B57 /* MDCurve */,
				D07109D4194F2BF400120B57 /* MDCurveLabel */,
				D0C7E253195709F20098BE1E /* MDHandwritingView */,
				D0C7E2B919572E430098BE1E /* MDCurveKit.h */,
			);
			name = MDCurveKit;
			path = ../MDCurveKit;
			sourceTree = "<group>";
		};
		D07109CF194F2BF400120B57 /* MDCurve */ = {
			isa = PBXGroup;
			children = (
				D07109D0194F2BF400120B57 /* MDCurve.h */,
				D07109D1194F2BF400120B57 /* MDCurve.m */,
				D0C7E2BA19572EB90098BE1E /* MDBezierCurve.h */,
				D0C7E2BB19572EB90098BE1E /* MDBezierCurve.m */,
				D0C7E2BD19572FF90098BE1E /* MDBrokenLineCurve.h */,
				D0C7E2BE19572FF90098BE1E /* MDBrokenLineCurve.m */,
				D07109D2194F2BF400120B57 /* MDPointPair.h */,
				D07109D3194F2BF400120B57 /* MDPointPair.m */,
				D0C7E2C01957304A0098BE1E /* MDPoint.h */,
				D0C7E2C11957304A0098BE1E /* MDPoint.m */,
				D0C7E2C319573C370098BE1E /* MDCurves.h */,
			);
			path = MDCurve;
			sourceTree = "<group>";
		};
		D07109D4194F2BF400120B57 /* MDCurveLabel */ = {
			isa = PBXGroup;
			children = (
				D07109D5194F2BF400120B57 /* MDCurveLabel.h */,
				D07109D6194F2BF400120B57 /* MDCurveLabel.m */,
			);
			path = MDCurveLabel;
			sourceTree = "<group>";
		};
		D07109DD194F2C6F00120B57 /* MDCurve */ = {
			isa = PBXGroup;
			children = (
				D07109E0194F2C6F00120B57 /* MDCurveDemoViewController.h */,
				D07109E1194F2C6F00120B57 /* MDCurveDemoViewController.m */,
				D07109E2194F2C6F00120B57 /* MDCurveDemoView.h */,
				D07109E3194F2C6F00120B57 /* MDCurveDemoView.m */,
			);
			path = MDCurve;
			sourceTree = "<group>";
		};
		D07109E6194F2C6F00120B57 /* MDCurveLabel */ = {
			isa = PBXGroup;
			children = (
				D07109ED194F2E1E00120B57 /* MDCurveLabelDemoViewController.h */,
				D07109EE194F2E1E00120B57 /* MDCurveLabelDemoViewController.m */,
				D07109FA194F498E00120B57 /* MDCurveDemoLabel.h */,
				D07109FB194F498E00120B57 /* MDCurveDemoLabel.m */,
			);
			path = MDCurveLabel;
			sourceTree = "<group>";
		};
		D0C7E253195709F20098BE1E /* MDHandwritingView */ = {
			isa = PBXGroup;
			children = (
				D0C7E25419570A190098BE1E /* MDHandwritingView.h */,
				D0C7E25519570A190098BE1E /* MDHandwritingView.m */,
				D0C7E257195716860098BE1E /* MDHandWritingDrawView.h */,
				D0C7E258195716860098BE1E /* MDHandWritingDrawView.m */,
			);
			name = MDHandwritingView;
			sourceTree = "<group>";
		};
		D0C7E25A19571B640098BE1E /* MDHandwritingView */ = {
			isa = PBXGroup;
			children = (
				D0C7E25B19571BAE0098BE1E /* MDHandwritingViewDemoViewController.h */,
				D0C7E25C19571BAE0098BE1E /* MDHandwritingViewDemoViewController.m */,
			);
			name = MDHandwritingView;
			sourceTree = "<group>";
		};
		D0C7E299195727950098BE1E /* colorPicker */ = {
			isa = PBXGroup;
			children = (
				D0C7E29A195727950098BE1E /* colorPicker.bundle */,
				D0C7E29B195727950098BE1E /* NEOColorPickerBaseViewController.h */,
				D0C7E29C195727950098BE1E /* NEOColorPickerBaseViewController.m */,
				D0C7E29D195727950098BE1E /* NEOColorPickerFavoritesViewController.h */,
				D0C7E29E195727950098BE1E /* NEOColorPickerFavoritesViewController.m */,
				D0C7E29F195727950098BE1E /* NEOColorPickerFavoritesViewController.xib */,
				D0C7E2A0195727950098BE1E /* NEOColorPickerGradientView.h */,
				D0C7E2A1195727950098BE1E /* NEOColorPickerGradientView.m */,
				D0C7E2A2195727950098BE1E /* NEOColorPickerHSLViewController.h */,
				D0C7E2A3195727950098BE1E /* NEOColorPickerHSLViewController.m */,
				D0C7E2A4195727950098BE1E /* NEOColorPickerHSLViewController.xib */,
				D0C7E2A5195727950098BE1E /* NEOColorPickerHueGridViewController.h */,
				D0C7E2A6195727950098BE1E /* NEOColorPickerHueGridViewController.m */,
				D0C7E2A7195727950098BE1E /* NEOColorPickerHueGridViewController.xib */,
				D0C7E2A8195727950098BE1E /* NEOColorPickerViewController.h */,
				D0C7E2A9195727950098BE1E /* NEOColorPickerViewController.m */,
				D0C7E2AA195727950098BE1E /* NEOColorPickerViewController.xib */,
				D0C7E2AB195727950098BE1E /* UIColor+NEOColor.h */,
				D0C7E2AC195727950098BE1E /* UIColor+NEOColor.m */,
			);
			path = colorPicker;
			sourceTree = "<group>";
		};
/* End PBXGroup section */

/* Begin PBXNativeTarget section */
		D0710997194F291B00120B57 /* MDCurveKitDemo */ = {
			isa = PBXNativeTarget;
			buildConfigurationList = D07109C4194F291B00120B57 /* Build configuration list for PBXNativeTarget "MDCurveKitDemo" */;
			buildPhases = (
				D0710994194F291B00120B57 /* Sources */,
				D0710995194F291B00120B57 /* Frameworks */,
				D0710996194F291B00120B57 /* Resources */,
			);
			buildRules = (
			);
			dependencies = (
			);
			name = MDCurveKitDemo;
			productName = MDCurveKitDemo;
			productReference = D0710998194F291B00120B57 /* MDCurveKitDemo.app */;
			productType = "com.apple.product-type.application";
		};
		D07109B2194F291B00120B57 /* MDCurveKitDemoTests */ = {
			isa = PBXNativeTarget;
			buildConfigurationList = D07109C7194F291B00120B57 /* Build configuration list for PBXNativeTarget "MDCurveKitDemoTests" */;
			buildPhases = (
				D07109AF194F291B00120B57 /* Sources */,
				D07109B0194F291B00120B57 /* Frameworks */,
				D07109B1194F291B00120B57 /* Resources */,
			);
			buildRules = (
			);
			dependencies = (
				D07109B9194F291B00120B57 /* PBXTargetDependency */,
			);
			name = MDCurveKitDemoTests;
			productName = MDCurveKitDemoTests;
			productReference = D07109B3194F291B00120B57 /* MDCurveKitDemoTests.xctest */;
			productType = "com.apple.product-type.bundle.unit-test";
		};
/* End PBXNativeTarget section */

/* Begin PBXProject section */
		D0710990194F291A00120B57 /* Project object */ = {
			isa = PBXProject;
			attributes = {
				LastUpgradeCheck = 0510;
				ORGANIZATIONNAME = "剑川道长";
				TargetAttributes = {
					D07109B2194F291B00120B57 = {
						TestTargetID = D0710997194F291B00120B57;
					};
				};
			};
			buildConfigurationList = D0710993194F291A00120B57 /* Build configuration list for PBXProject "MDCurveKitDemo" */;
			compatibilityVersion = "Xcode 3.2";
			developmentRegion = English;
			hasScannedForEncodings = 0;
			knownRegions = (
				en,
			);
			mainGroup = D071098F194F291A00120B57;
			productRefGroup = D0710999194F291B00120B57 /* Products */;
			projectDirPath = "";
			projectRoot = "";
			targets = (
				D0710997194F291B00120B57 /* MDCurveKitDemo */,
				D07109B2194F291B00120B57 /* MDCurveKitDemoTests */,
			);
		};
/* End PBXProject section */

/* Begin PBXResourcesBuildPhase section */
		D0710996194F291B00120B57 /* Resources */ = {
			isa = PBXResourcesBuildPhase;
			buildActionMask = 2147483647;
			files = (
				D0C7E2B3195727950098BE1E /* NEOColorPickerHSLViewController.xib in Resources */,
				D0C7E2B7195727950098BE1E /* NEOColorPickerViewController.xib in Resources */,
				D0C7E2AD195727950098BE1E /* colorPicker.bundle in Resources */,
				D0C7E2B5195727950098BE1E /* NEOColorPickerHueGridViewController.xib in Resources */,
				D07109A6194F291B00120B57 /* InfoPlist.strings in Resources */,
				D07109AE194F291B00120B57 /* Images.xcassets in Resources */,
				D0C7E2B0195727950098BE1E /* NEOColorPickerFavoritesViewController.xib in Resources */,
			);
			runOnlyForDeploymentPostprocessing = 0;
		};
		D07109B1194F291B00120B57 /* Resources */ = {
			isa = PBXResourcesBuildPhase;
			buildActionMask = 2147483647;
			files = (
				D07109BF194F291B00120B57 /* InfoPlist.strings in Resources */,
			);
			runOnlyForDeploymentPostprocessing = 0;
		};
/* End PBXResourcesBuildPhase section */

/* Begin PBXSourcesBuildPhase section */
		D0710994194F291B00120B57 /* Sources */ = {
			isa = PBXSourcesBuildPhase;
			buildActionMask = 2147483647;
			files = (
				D07109E8194F2C6F00120B57 /* MDCurveDemoViewController.m in Sources */,
				D0C7E259195716860098BE1E /* MDHandWritingDrawView.m in Sources */,
				D0C7E2BC19572EB90098BE1E /* MDBezierCurve.m in Sources */,
				D0C7E2B4195727950098BE1E /* NEOColorPickerHueGridViewController.m in Sources */,
				D07109E9194F2C6F00120B57 /* MDCurveDemoView.m in Sources */,
				D0C7E2AF195727950098BE1E /* NEOColorPickerFavoritesViewController.m in Sources */,
				D07109CC194F294A00120B57 /* MDHomeViewController.m in Sources */,
				D07109F3194F2F4000120B57 /* MDCurvePicker.m in Sources */,
				D07109DA194F2BF400120B57 /* MDCurveLabel.m in Sources */,
				D0C7E2B1195727950098BE1E /* NEOColorPickerGradientView.m in Sources */,
				D07109AC194F291B00120B57 /* AppDelegate.m in Sources */,
				D0C7E2B6195727950098BE1E /* NEOColorPickerViewController.m in Sources */,
				D07109F6194F40C300120B57 /* MDViewControllerWithPickerButton.m in Sources */,
				D0C7E2BF19572FF90098BE1E /* MDBrokenLineCurve.m in Sources */,
				D07109F0194F2E1F00120B57 /* MDCurveLabelDemoViewController.m in Sources */,
				D07109D8194F2BF400120B57 /* MDCurve.m in Sources */,
				D07109D9194F2BF400120B57 /* MDPointPair.m in Sources */,
				D0C7E25D19571BAE0098BE1E /* MDHandwritingViewDemoViewController.m in Sources */,
				D0C7E25619570A190098BE1E /* MDHandwritingView.m in Sources */,
				D07109FC194F498E00120B57 /* MDCurveDemoLabel.m in Sources */,
				D0C7E2C21957304A0098BE1E /* MDPoint.m in Sources */,
				D0C7E2AE195727950098BE1E /* NEOColorPickerBaseViewController.m in Sources */,
				D0C7E2B2195727950098BE1E /* NEOColorPickerHSLViewController.m in Sources */,
				D0C7E2B8195727950098BE1E /* UIColor+NEOColor.m in Sources */,
				D07109A8194F291B00120B57 /* main.m in Sources */,
			);
			runOnlyForDeploymentPostprocessing = 0;
		};
		D07109AF194F291B00120B57 /* Sources */ = {
			isa = PBXSourcesBuildPhase;
			buildActionMask = 2147483647;
			files = (
				D07109C1194F291B00120B57 /* MDCurveKitDemoTests.m in Sources */,
			);
			runOnlyForDeploymentPostprocessing = 0;
		};
/* End PBXSourcesBuildPhase section */

/* Begin PBXTargetDependency section */
		D07109B9194F291B00120B57 /* PBXTargetDependency */ = {
			isa = PBXTargetDependency;
			target = D0710997194F291B00120B57 /* MDCurveKitDemo */;
			targetProxy = D07109B8194F291B00120B57 /* PBXContainerItemProxy */;
		};
/* End PBXTargetDependency section */

/* Begin PBXVariantGroup section */
		D07109A4194F291B00120B57 /* InfoPlist.strings */ = {
			isa = PBXVariantGroup;
			children = (
				D07109A5194F291B00120B57 /* en */,
			);
			name = InfoPlist.strings;
			sourceTree = "<group>";
		};
		D07109BD194F291B00120B57 /* InfoPlist.strings */ = {
			isa = PBXVariantGroup;
			children = (
				D07109BE194F291B00120B57 /* en */,
			);
			name = InfoPlist.strings;
			sourceTree = "<group>";
		};
/* End PBXVariantGroup section */

/* Begin XCBuildConfiguration section */
		D07109C2194F291B00120B57 /* Debug */ = {
			isa = XCBuildConfiguration;
			buildSettings = {
				ALWAYS_SEARCH_USER_PATHS = NO;
				CLANG_CXX_LANGUAGE_STANDARD = "gnu++0x";
				CLANG_CXX_LIBRARY = "libc++";
				CLANG_ENABLE_MODULES = YES;
				CLANG_ENABLE_OBJC_ARC = YES;
				CLANG_WARN_BOOL_CONVERSION = YES;
				CLANG_WARN_CONSTANT_CONVERSION = YES;
				CLANG_WARN_DIRECT_OBJC_ISA_USAGE = YES_ERROR;
				CLANG_WARN_EMPTY_BODY = YES;
				CLANG_WARN_ENUM_CONVERSION = YES;
				CLANG_WARN_INT_CONVERSION = YES;
				CLANG_WARN_OBJC_ROOT_CLASS = YES_ERROR;
				CLANG_WARN__DUPLICATE_METHOD_MATCH = YES;
				"CODE_SIGN_IDENTITY[sdk=iphoneos*]" = "iPhone Developer";
				COPY_PHASE_STRIP = NO;
				GCC_C_LANGUAGE_STANDARD = gnu99;
				GCC_DYNAMIC_NO_PIC = NO;
				GCC_OPTIMIZATION_LEVEL = 0;
				GCC_PREPROCESSOR_DEFINITIONS = (
					"DEBUG=1",
					"$(inherited)",
				);
				GCC_SYMBOLS_PRIVATE_EXTERN = NO;
				GCC_WARN_64_TO_32_BIT_CONVERSION = YES;
				GCC_WARN_ABOUT_RETURN_TYPE = YES_ERROR;
				GCC_WARN_UNDECLARED_SELECTOR = YES;
				GCC_WARN_UNINITIALIZED_AUTOS = YES_AGGRESSIVE;
				GCC_WARN_UNUSED_FUNCTION = YES;
				GCC_WARN_UNUSED_VARIABLE = YES;
				IPHONEOS_DEPLOYMENT_TARGET = 7.1;
				ONLY_ACTIVE_ARCH = YES;
				SDKROOT = iphoneos;
			};
			name = Debug;
		};
		D07109C3194F291B00120B57 /* Release */ = {
			isa = XCBuildConfiguration;
			buildSettings = {
				ALWAYS_SEARCH_USER_PATHS = NO;
				CLANG_CXX_LANGUAGE_STANDARD = "gnu++0x";
				CLANG_CXX_LIBRARY = "libc++";
				CLANG_ENABLE_MODULES = YES;
				CLANG_ENABLE_OBJC_ARC = YES;
				CLANG_WARN_BOOL_CONVERSION = YES;
				CLANG_WARN_CONSTANT_CONVERSION = YES;
				CLANG_WARN_DIRECT_OBJC_ISA_USAGE = YES_ERROR;
				CLANG_WARN_EMPTY_BODY = YES;
				CLANG_WARN_ENUM_CONVERSION = YES;
				CLANG_WARN_INT_CONVERSION = YES;
				CLANG_WARN_OBJC_ROOT_CLASS = YES_ERROR;
				CLANG_WARN__DUPLICATE_METHOD_MATCH = YES;
				"CODE_SIGN_IDENTITY[sdk=iphoneos*]" = "iPhone Developer";
				COPY_PHASE_STRIP = YES;
				ENABLE_NS_ASSERTIONS = NO;
				GCC_C_LANGUAGE_STANDARD = gnu99;
				GCC_WARN_64_TO_32_BIT_CONVERSION = YES;
				GCC_WARN_ABOUT_RETURN_TYPE = YES_ERROR;
				GCC_WARN_UNDECLARED_SELECTOR = YES;
				GCC_WARN_UNINITIALIZED_AUTOS = YES_AGGRESSIVE;
				GCC_WARN_UNUSED_FUNCTION = YES;
				GCC_WARN_UNUSED_VARIABLE = YES;
				IPHONEOS_DEPLOYMENT_TARGET = 7.1;
				SDKROOT = iphoneos;
				VALIDATE_PRODUCT = YES;
			};
			name = Release;
		};
		D07109C5194F291B00120B57 /* Debug */ = {
			isa = XCBuildConfiguration;
			buildSettings = {
				ASSETCATALOG_COMPILER_APPICON_NAME = AppIcon;
				ASSETCATALOG_COMPILER_LAUNCHIMAGE_NAME = LaunchImage;
				GCC_PRECOMPILE_PREFIX_HEADER = YES;
				GCC_PREFIX_HEADER = "MDCurveKitDemo/MDCurveKitDemo-Prefix.pch";
				INFOPLIST_FILE = "MDCurveKitDemo/MDCurveKitDemo-Info.plist";
				IPHONEOS_DEPLOYMENT_TARGET = 6.0;
				PRODUCT_NAME = "$(TARGET_NAME)";
				WRAPPER_EXTENSION = app;
			};
			name = Debug;
		};
		D07109C6194F291B00120B57 /* Release */ = {
			isa = XCBuildConfiguration;
			buildSettings = {
				ASSETCATALOG_COMPILER_APPICON_NAME = AppIcon;
				ASSETCATALOG_COMPILER_LAUNCHIMAGE_NAME = LaunchImage;
				GCC_PRECOMPILE_PREFIX_HEADER = YES;
				GCC_PREFIX_HEADER = "MDCurveKitDemo/MDCurveKitDemo-Prefix.pch";
				INFOPLIST_FILE = "MDCurveKitDemo/MDCurveKitDemo-Info.plist";
				IPHONEOS_DEPLOYMENT_TARGET = 6.0;
				PRODUCT_NAME = "$(TARGET_NAME)";
				WRAPPER_EXTENSION = app;
			};
			name = Release;
		};
		D07109C8194F291B00120B57 /* Debug */ = {
			isa = XCBuildConfiguration;
			buildSettings = {
				BUNDLE_LOADER = "$(BUILT_PRODUCTS_DIR)/MDCurveKitDemo.app/MDCurveKitDemo";
				FRAMEWORK_SEARCH_PATHS = (
					"$(SDKROOT)/Developer/Library/Frameworks",
					"$(inherited)",
					"$(DEVELOPER_FRAMEWORKS_DIR)",
				);
				GCC_PRECOMPILE_PREFIX_HEADER = YES;
				GCC_PREFIX_HEADER = "MDCurveKitDemo/MDCurveKitDemo-Prefix.pch";
				GCC_PREPROCESSOR_DEFINITIONS = (
					"DEBUG=1",
					"$(inherited)",
				);
				INFOPLIST_FILE = "MDCurveKitDemoTests/MDCurveKitDemoTests-Info.plist";
				PRODUCT_NAME = "$(TARGET_NAME)";
				TEST_HOST = "$(BUNDLE_LOADER)";
				WRAPPER_EXTENSION = xctest;
			};
			name = Debug;
		};
		D07109C9194F291B00120B57 /* Release */ = {
			isa = XCBuildConfiguration;
			buildSettings = {
				BUNDLE_LOADER = "$(BUILT_PRODUCTS_DIR)/MDCurveKitDemo.app/MDCurveKitDemo";
				FRAMEWORK_SEARCH_PATHS = (
					"$(SDKROOT)/Developer/Library/Frameworks",
					"$(inherited)",
					"$(DEVELOPER_FRAMEWORKS_DIR)",
				);
				GCC_PRECOMPILE_PREFIX_HEADER = YES;
				GCC_PREFIX_HEADER = "MDCurveKitDemo/MDCurveKitDemo-Prefix.pch";
				INFOPLIST_FILE = "MDCurveKitDemoTests/MDCurveKitDemoTests-Info.plist";
				PRODUCT_NAME = "$(TARGET_NAME)";
				TEST_HOST = "$(BUNDLE_LOADER)";
				WRAPPER_EXTENSION = xctest;
			};
			name = Release;
		};
/* End XCBuildConfiguration section */

/* Begin XCConfigurationList section */
		D0710993194F291A00120B57 /* Build configuration list for PBXProject "MDCurveKitDemo" */ = {
			isa = XCConfigurationList;
			buildConfigurations = (
				D07109C2194F291B00120B57 /* Debug */,
				D07109C3194F291B00120B57 /* Release */,
			);
			defaultConfigurationIsVisible = 0;
			defaultConfigurationName = Release;
		};
		D07109C4194F291B00120B57 /* Build configuration list for PBXNativeTarget "MDCurveKitDemo" */ = {
			isa = XCConfigurationList;
			buildConfigurations = (
				D07109C5194F291B00120B57 /* Debug */,
				D07109C6194F291B00120B57 /* Release */,
			);
			defaultConfigurationIsVisible = 0;
			defaultConfigurationName = Release;
		};
		D07109C7194F291B00120B57 /* Build configuration list for PBXNativeTarget "MDCurveKitDemoTests" */ = {
			isa = XCConfigurationList;
			buildConfigurations = (
				D07109C8194F291B00120B57 /* Debug */,
				D07109C9194F291B00120B57 /* Release */,
			);
			defaultConfigurationIsVisible = 0;
			defaultConfigurationName = Release;
		};
/* End XCConfigurationList section */
	};
	rootObject = D0710990194F291A00120B57 /* Project object */;
}
